
Microsoft Visual Studio Solution File, Format Version 12.00
# Visual Studio Version 17
VisualStudioVersion = 17.14.36221.1 d17.14
MinimumVisualStudioVersion = 10.0.40219.1
Project("{FAE04EC0-301F-11D3-BF4B-00C04F79EFBC}") = "first", "first.csproj", "{2C741BE0-A328-41E0-855B-8A1CB666E165}"
EndProject
Global
	GlobalSection(SolutionConfigurationPlatforms) = preSolution
		Debug|Any CPU = Debug|Any CPU
		Release|Any CPU = Release|Any CPU
	EndGlobalSection
	GlobalSection(ProjectConfigurationPlatforms) = postSolution
		{2C741BE0-A328-41E0-855B-8A1CB666E165}.Debug|Any CPU.ActiveCfg = Debug|Any CPU
		{2C741BE0-A328-41E0-855B-8A1CB666E165}.Debug|Any CPU.Build.0 = Debug|Any CPU
		{2C741BE0-A328-41E0-855B-8A1CB666E165}.Release|Any CPU.ActiveCfg = Release|Any CPU
		{2C741BE0-A328-41E0-855B-8A1CB666E165}.Release|Any CPU.Build.0 = Release|Any CPU
	EndGlobalSection
	GlobalSection(SolutionProperties) = preSolution
		HideSolutionNode = FALSE
	EndGlobalSection
	GlobalSection(ExtensibilityGlobals) = postSolution
		SolutionGuid = {A8E0B21B-5CB1-4D9C-B8CE-F396FBBE7925}
	EndGlobalSection
EndGlobal
