
Microsoft Visual Studio Solution File, Format Version 12.00
# Visual Studio Version 17
VisualStudioVersion = 17.14.36221.1 d17.14
MinimumVisualStudioVersion = 10.0.40219.1
Project("{FAE04EC0-301F-11D3-BF4B-00C04F79EFBC}") = "StudentDocTest", "StudentDocTest.csproj", "{15E609E1-807B-4F36-872A-E59E58A48229}"
EndProject
Global
	GlobalSection(SolutionConfigurationPlatforms) = preSolution
		Debug|Any CPU = Debug|Any CPU
		Release|Any CPU = Release|Any CPU
	EndGlobalSection
	GlobalSection(ProjectConfigurationPlatforms) = postSolution
		{15E609E1-807B-4F36-872A-E59E58A48229}.Debug|Any CPU.ActiveCfg = Debug|Any CPU
		{15E609E1-807B-4F36-872A-E59E58A48229}.Debug|Any CPU.Build.0 = Debug|Any CPU
		{15E609E1-807B-4F36-872A-E59E58A48229}.Release|Any CPU.ActiveCfg = Release|Any CPU
		{15E609E1-807B-4F36-872A-E59E58A48229}.Release|Any CPU.Build.0 = Release|Any CPU
	EndGlobalSection
	GlobalSection(SolutionProperties) = preSolution
		HideSolutionNode = FALSE
	EndGlobalSection
	GlobalSection(ExtensibilityGlobals) = postSolution
		SolutionGuid = {D05C481F-91ED-4825-A9B3-2A4C9D8DF7A8}
	EndGlobalSection
EndGlobal
